// !$*UTF8*$!
{
	archiveVersion = 1;
	classes = {
	};
	objectVersion = 46;
	objects = {

/* Begin PBXBuildFile section */
		041A0D5F1ED9915A002B4B84 /* main.cpp in Sources */ = {isa = PBXBuildFile; fileRef = 041A0D5E1ED9915A002B4B84 /* main.cpp */; };
		045C3E301ED9941D00870FC4 /* render.cpp in Sources */ = {isa = PBXBuildFile; fileRef = 045C3E2E1ED9941D00870FC4 /* render.cpp */; };
		045C3E331ED9961D00870FC4 /* model.cpp in Sources */ = {isa = PBXBuildFile; fileRef = 045C3E311ED9961D00870FC4 /* model.cpp */; };
		045C3E361ED9968000870FC4 /* OpenGL.framework in Frameworks */ = {isa = PBXBuildFile; fileRef = 045C3E351ED9968000870FC4 /* OpenGL.framework */; };
		045C3E381ED9990B00870FC4 /* libGLEW.2.0.0.dylib in Frameworks */ = {isa = PBXBuildFile; fileRef = 045C3E371ED9990B00870FC4 /* libGLEW.2.0.0.dylib */; };
		045C3E3A1ED9991B00870FC4 /* libglfw.3.2.dylib in Frameworks */ = {isa = PBXBuildFile; fileRef = 045C3E391ED9991B00870FC4 /* libglfw.3.2.dylib */; };
		045C3E3D1ED99D4400870FC4 /* glslprogram.cpp in Sources */ = {isa = PBXBuildFile; fileRef = 045C3E3B1ED99D4400870FC4 /* glslprogram.cpp */; };
		045C3E411EDA789C00870FC4 /* controller.cpp in Sources */ = {isa = PBXBuildFile; fileRef = 045C3E3F1EDA789C00870FC4 /* controller.cpp */; };
		04941E871EEA319C00F29F5C /* voxelizer.cpp in Sources */ = {isa = PBXBuildFile; fileRef = 04941E851EEA319C00F29F5C /* voxelizer.cpp */; };
		04941E8A1EEA3F1C00F29F5C /* voxelize.cl in Sources */ = {isa = PBXBuildFile; fileRef = 04941E891EEA3F1C00F29F5C /* voxelize.cl */; };
		04941E8D1EEA6B4500F29F5C /* photonmanager.cpp in Sources */ = {isa = PBXBuildFile; fileRef = 04941E8B1EEA6B4500F29F5C /* photonmanager.cpp */; };
		04941E911EEA72A900F29F5C /* photonmarch.cl in Sources */ = {isa = PBXBuildFile; fileRef = 04941E901EEA72A900F29F5C /* photonmarch.cl */; };
		04ACD1BA1EDD2526000789BA /* text2D.cpp in Sources */ = {isa = PBXBuildFile; fileRef = 04ACD1B81EDD2526000789BA /* text2D.cpp */; };
		04E68AEA1EDC42DE0044EA5E /* texture.cpp in Sources */ = {isa = PBXBuildFile; fileRef = 04E68AE81EDC42DE0044EA5E /* texture.cpp */; };
/* End PBXBuildFile section */

/* Begin PBXCopyFilesBuildPhase section */
		041A0D591ED9915A002B4B84 /* CopyFiles */ = {
			isa = PBXCopyFilesBuildPhase;
			buildActionMask = 2147483647;
			dstPath = /usr/share/man/man1/;
			dstSubfolderSpec = 0;
			files = (
			);
			runOnlyForDeploymentPostprocessing = 1;
		};
/* End PBXCopyFilesBuildPhase section */

/* Begin PBXFileReference section */
		041A0D5B1ED9915A002B4B84 /* refractiveObj */ = {isa = PBXFileReference; explicitFileType = "compiled.mach-o.executable"; includeInIndex = 0; path = refractiveObj; sourceTree = BUILT_PRODUCTS_DIR; };
		041A0D5E1ED9915A002B4B84 /* main.cpp */ = {isa = PBXFileReference; lastKnownFileType = sourcecode.cpp.cpp; path = main.cpp; sourceTree = "<group>"; };
		045C3E2E1ED9941D00870FC4 /* render.cpp */ = {isa = PBXFileReference; fileEncoding = 4; lastKnownFileType = sourcecode.cpp.cpp; path = render.cpp; sourceTree = "<group>"; };
		045C3E2F1ED9941D00870FC4 /* render.hpp */ = {isa = PBXFileReference; fileEncoding = 4; lastKnownFileType = sourcecode.cpp.h; path = render.hpp; sourceTree = "<group>"; };
		045C3E311ED9961D00870FC4 /* model.cpp */ = {isa = PBXFileReference; fileEncoding = 4; lastKnownFileType = sourcecode.cpp.cpp; path = model.cpp; sourceTree = "<group>"; };
		045C3E321ED9961D00870FC4 /* model.hpp */ = {isa = PBXFileReference; fileEncoding = 4; lastKnownFileType = sourcecode.cpp.h; path = model.hpp; sourceTree = "<group>"; };
		045C3E351ED9968000870FC4 /* OpenGL.framework */ = {isa = PBXFileReference; lastKnownFileType = wrapper.framework; name = OpenGL.framework; path = System/Library/Frameworks/OpenGL.framework; sourceTree = SDKROOT; };
		045C3E371ED9990B00870FC4 /* libGLEW.2.0.0.dylib */ = {isa = PBXFileReference; lastKnownFileType = "compiled.mach-o.dylib"; name = libGLEW.2.0.0.dylib; path = ../../../../usr/local/lib/libGLEW.2.0.0.dylib; sourceTree = "<group>"; };
		045C3E391ED9991B00870FC4 /* libglfw.3.2.dylib */ = {isa = PBXFileReference; lastKnownFileType = "compiled.mach-o.dylib"; name = libglfw.3.2.dylib; path = ../../../../usr/local/lib/libglfw.3.2.dylib; sourceTree = "<group>"; };
		045C3E3B1ED99D4400870FC4 /* glslprogram.cpp */ = {isa = PBXFileReference; fileEncoding = 4; lastKnownFileType = sourcecode.cpp.cpp; path = glslprogram.cpp; sourceTree = "<group>"; };
		045C3E3C1ED99D4400870FC4 /* glslprogram.hpp */ = {isa = PBXFileReference; fileEncoding = 4; lastKnownFileType = sourcecode.cpp.h; path = glslprogram.hpp; sourceTree = "<group>"; };
		045C3E3E1ED9B07C00870FC4 /* shader */ = {isa = PBXFileReference; lastKnownFileType = folder; path = shader; sourceTree = "<group>"; };
		045C3E3F1EDA789C00870FC4 /* controller.cpp */ = {isa = PBXFileReference; fileEncoding = 4; lastKnownFileType = sourcecode.cpp.cpp; path = controller.cpp; sourceTree = "<group>"; };
		045C3E401EDA789C00870FC4 /* controller.hpp */ = {isa = PBXFileReference; fileEncoding = 4; lastKnownFileType = sourcecode.cpp.h; path = controller.hpp; sourceTree = "<group>"; };
		04941E851EEA319C00F29F5C /* voxelizer.cpp */ = {isa = PBXFileReference; fileEncoding = 4; lastKnownFileType = sourcecode.cpp.cpp; path = voxelizer.cpp; sourceTree = "<group>"; };
		04941E861EEA319C00F29F5C /* voxelizer.hpp */ = {isa = PBXFileReference; fileEncoding = 4; lastKnownFileType = sourcecode.cpp.h; path = voxelizer.hpp; sourceTree = "<group>"; };
		04941E881EEA326D00F29F5C /* main.hpp */ = {isa = PBXFileReference; fileEncoding = 4; lastKnownFileType = sourcecode.cpp.h; path = main.hpp; sourceTree = "<group>"; };
		04941E891EEA3F1C00F29F5C /* voxelize.cl */ = {isa = PBXFileReference; fileEncoding = 4; lastKnownFileType = sourcecode.opencl; path = voxelize.cl; sourceTree = "<group>"; };
		04941E8B1EEA6B4500F29F5C /* photonmanager.cpp */ = {isa = PBXFileReference; fileEncoding = 4; lastKnownFileType = sourcecode.cpp.cpp; path = photonmanager.cpp; sourceTree = "<group>"; };
		04941E8C1EEA6B4500F29F5C /* photonmanager.hpp */ = {isa = PBXFileReference; fileEncoding = 4; lastKnownFileType = sourcecode.cpp.h; path = photonmanager.hpp; sourceTree = "<group>"; };
		04941E901EEA72A900F29F5C /* photonmarch.cl */ = {isa = PBXFileReference; fileEncoding = 4; lastKnownFileType = sourcecode.opencl; path = photonmarch.cl; sourceTree = "<group>"; };
		04ACD1B81EDD2526000789BA /* text2D.cpp */ = {isa = PBXFileReference; fileEncoding = 4; lastKnownFileType = sourcecode.cpp.cpp; path = text2D.cpp; sourceTree = "<group>"; };
		04ACD1B91EDD2526000789BA /* text2D.hpp */ = {isa = PBXFileReference; fileEncoding = 4; lastKnownFileType = sourcecode.cpp.h; path = text2D.hpp; sourceTree = "<group>"; };
		04E68AE81EDC42DE0044EA5E /* texture.cpp */ = {isa = PBXFileReference; fileEncoding = 4; lastKnownFileType = sourcecode.cpp.cpp; path = texture.cpp; sourceTree = "<group>"; };
		04E68AE91EDC42DE0044EA5E /* texture.hpp */ = {isa = PBXFileReference; fileEncoding = 4; lastKnownFileType = sourcecode.cpp.h; path = texture.hpp; sourceTree = "<group>"; };
/* End PBXFileReference section */

/* Begin PBXFrameworksBuildPhase section */
		041A0D581ED9915A002B4B84 /* Frameworks */ = {
			isa = PBXFrameworksBuildPhase;
			buildActionMask = 2147483647;
			files = (
				045C3E3A1ED9991B00870FC4 /* libglfw.3.2.dylib in Frameworks */,
				045C3E381ED9990B00870FC4 /* libGLEW.2.0.0.dylib in Frameworks */,
				045C3E361ED9968000870FC4 /* OpenGL.framework in Frameworks */,
			);
			runOnlyForDeploymentPostprocessing = 0;
		};
/* End PBXFrameworksBuildPhase section */

/* Begin PBXGroup section */
		041A0D521ED9915A002B4B84 = {
			isa = PBXGroup;
			children = (
				045C3E3E1ED9B07C00870FC4 /* shader */,
				041A0D5D1ED9915A002B4B84 /* refractiveObj */,
				041A0D5C1ED9915A002B4B84 /* Products */,
				045C3E341ED9968000870FC4 /* Frameworks */,
			);
			sourceTree = "<group>";
		};
		041A0D5C1ED9915A002B4B84 /* Products */ = {
			isa = PBXGroup;
			children = (
				041A0D5B1ED9915A002B4B84 /* refractiveObj */,
			);
			name = Products;
			sourceTree = "<group>";
		};
		041A0D5D1ED9915A002B4B84 /* refractiveObj */ = {
			isa = PBXGroup;
			children = (
				04941E901EEA72A900F29F5C /* photonmarch.cl */,
				04941E8B1EEA6B4500F29F5C /* photonmanager.cpp */,
				04941E8C1EEA6B4500F29F5C /* photonmanager.hpp */,
				04941E891EEA3F1C00F29F5C /* voxelize.cl */,
				041A0D5E1ED9915A002B4B84 /* main.cpp */,
				04941E881EEA326D00F29F5C /* main.hpp */,
				045C3E2E1ED9941D00870FC4 /* render.cpp */,
				045C3E2F1ED9941D00870FC4 /* render.hpp */,
				045C3E311ED9961D00870FC4 /* model.cpp */,
				045C3E321ED9961D00870FC4 /* model.hpp */,
				045C3E3B1ED99D4400870FC4 /* glslprogram.cpp */,
				045C3E3C1ED99D4400870FC4 /* glslprogram.hpp */,
				045C3E3F1EDA789C00870FC4 /* controller.cpp */,
				045C3E401EDA789C00870FC4 /* controller.hpp */,
				04E68AE81EDC42DE0044EA5E /* texture.cpp */,
				04E68AE91EDC42DE0044EA5E /* texture.hpp */,
				04ACD1B81EDD2526000789BA /* text2D.cpp */,
				04ACD1B91EDD2526000789BA /* text2D.hpp */,
				04941E851EEA319C00F29F5C /* voxelizer.cpp */,
				04941E861EEA319C00F29F5C /* voxelizer.hpp */,
			);
			path = refractiveObj;
			sourceTree = "<group>";
		};
		045C3E341ED9968000870FC4 /* Frameworks */ = {
			isa = PBXGroup;
			children = (
				045C3E391ED9991B00870FC4 /* libglfw.3.2.dylib */,
				045C3E371ED9990B00870FC4 /* libGLEW.2.0.0.dylib */,
				045C3E351ED9968000870FC4 /* OpenGL.framework */,
			);
			name = Frameworks;
			sourceTree = "<group>";
		};
/* End PBXGroup section */

/* Begin PBXNativeTarget section */
		041A0D5A1ED9915A002B4B84 /* refractiveObj */ = {
			isa = PBXNativeTarget;
			buildConfigurationList = 041A0D621ED9915A002B4B84 /* Build configuration list for PBXNativeTarget "refractiveObj" */;
			buildPhases = (
				041A0D571ED9915A002B4B84 /* Sources */,
				041A0D581ED9915A002B4B84 /* Frameworks */,
				041A0D591ED9915A002B4B84 /* CopyFiles */,
			);
			buildRules = (
			);
			dependencies = (
			);
			name = refractiveObj;
			productName = refractiveObj;
			productReference = 041A0D5B1ED9915A002B4B84 /* refractiveObj */;
			productType = "com.apple.product-type.tool";
		};
/* End PBXNativeTarget section */

/* Begin PBXProject section */
		041A0D531ED9915A002B4B84 /* Project object */ = {
			isa = PBXProject;
			attributes = {
				LastUpgradeCheck = 0830;
				ORGANIZATIONNAME = Execution;
				TargetAttributes = {
					041A0D5A1ED9915A002B4B84 = {
						CreatedOnToolsVersion = 8.3.2;
						ProvisioningStyle = Automatic;
					};
				};
			};
			buildConfigurationList = 041A0D561ED9915A002B4B84 /* Build configuration list for PBXProject "refractiveObj" */;
			compatibilityVersion = "Xcode 3.2";
			developmentRegion = English;
			hasScannedForEncodings = 0;
			knownRegions = (
				en,
			);
			mainGroup = 041A0D521ED9915A002B4B84;
			productRefGroup = 041A0D5C1ED9915A002B4B84 /* Products */;
			projectDirPath = "";
			projectRoot = "";
			targets = (
				041A0D5A1ED9915A002B4B84 /* refractiveObj */,
			);
		};
/* End PBXProject section */

/* Begin PBXSourcesBuildPhase section */
		041A0D571ED9915A002B4B84 /* Sources */ = {
			isa = PBXSourcesBuildPhase;
			buildActionMask = 2147483647;
			files = (
				041A0D5F1ED9915A002B4B84 /* main.cpp in Sources */,
				04941E871EEA319C00F29F5C /* voxelizer.cpp in Sources */,
				04941E8A1EEA3F1C00F29F5C /* voxelize.cl in Sources */,
				045C3E301ED9941D00870FC4 /* render.cpp in Sources */,
				045C3E411EDA789C00870FC4 /* controller.cpp in Sources */,
				04941E8D1EEA6B4500F29F5C /* photonmanager.cpp in Sources */,
				04E68AEA1EDC42DE0044EA5E /* texture.cpp in Sources */,
				045C3E3D1ED99D4400870FC4 /* glslprogram.cpp in Sources */,
				04ACD1BA1EDD2526000789BA /* text2D.cpp in Sources */,
				04941E911EEA72A900F29F5C /* photonmarch.cl in Sources */,
				045C3E331ED9961D00870FC4 /* model.cpp in Sources */,
			);
			runOnlyForDeploymentPostprocessing = 0;
		};
/* End PBXSourcesBuildPhase section */

/* Begin XCBuildConfiguration section */
		041A0D601ED9915A002B4B84 /* Debug */ = {
			isa = XCBuildConfiguration;
			buildSettings = {
				ALWAYS_SEARCH_USER_PATHS = NO;
				CLANG_ANALYZER_NONNULL = YES;
				CLANG_ANALYZER_NUMBER_OBJECT_CONVERSION = YES_AGGRESSIVE;
				CLANG_CXX_LANGUAGE_STANDARD = "gnu++0x";
				CLANG_CXX_LIBRARY = "libc++";
				CLANG_ENABLE_MODULES = YES;
				CLANG_ENABLE_OBJC_ARC = YES;
				CLANG_WARN_BOOL_CONVERSION = YES;
				CLANG_WARN_CONSTANT_CONVERSION = YES;
				CLANG_WARN_DIRECT_OBJC_ISA_USAGE = YES_ERROR;
				CLANG_WARN_DOCUMENTATION_COMMENTS = YES;
				CLANG_WARN_EMPTY_BODY = YES;
				CLANG_WARN_ENUM_CONVERSION = YES;
				CLANG_WARN_INFINITE_RECURSION = YES;
				CLANG_WARN_INT_CONVERSION = YES;
				CLANG_WARN_OBJC_ROOT_CLASS = YES_ERROR;
				CLANG_WARN_SUSPICIOUS_MOVE = YES;
				CLANG_WARN_UNREACHABLE_CODE = YES;
				CLANG_WARN__DUPLICATE_METHOD_MATCH = YES;
				CODE_SIGN_IDENTITY = "-";
				COPY_PHASE_STRIP = NO;
				DEBUG_INFORMATION_FORMAT = dwarf;
				ENABLE_STRICT_OBJC_MSGSEND = YES;
				ENABLE_TESTABILITY = YES;
				GCC_C_LANGUAGE_STANDARD = gnu99;
				GCC_DYNAMIC_NO_PIC = NO;
				GCC_NO_COMMON_BLOCKS = YES;
				GCC_OPTIMIZATION_LEVEL = 0;
				GCC_PREPROCESSOR_DEFINITIONS = (
					"DEBUG=1",
					"$(inherited)",
				);
				GCC_WARN_64_TO_32_BIT_CONVERSION = YES;
				GCC_WARN_ABOUT_RETURN_TYPE = YES_ERROR;
				GCC_WARN_UNDECLARED_SELECTOR = YES;
				GCC_WARN_UNINITIALIZED_AUTOS = YES_AGGRESSIVE;
				GCC_WARN_UNUSED_FUNCTION = YES;
				GCC_WARN_UNUSED_VARIABLE = YES;
				HEADER_SEARCH_PATHS = /usr/local/include;
				LIBRARY_SEARCH_PATHS = /usr/local/lib;
				MACOSX_DEPLOYMENT_TARGET = 10.12;
				MTL_ENABLE_DEBUG_INFO = YES;
				ONLY_ACTIVE_ARCH = YES;
				SDKROOT = macosx;
			};
			name = Debug;
		};
		041A0D611ED9915A002B4B84 /* Release */ = {
			isa = XCBuildConfiguration;
			buildSettings = {
				ALWAYS_SEARCH_USER_PATHS = NO;
				CLANG_ANALYZER_NONNULL = YES;
				CLANG_ANALYZER_NUMBER_OBJECT_CONVERSION = YES_AGGRESSIVE;
				CLANG_CXX_LANGUAGE_STANDARD = "gnu++0x";
				CLANG_CXX_LIBRARY = "libc++";
				CLANG_ENABLE_MODULES = YES;
				CLANG_ENABLE_OBJC_ARC = YES;
				CLANG_WARN_BOOL_CONVERSION = YES;
				CLANG_WARN_CONSTANT_CONVERSION = YES;
				CLANG_WARN_DIRECT_OBJC_ISA_USAGE = YES_ERROR;
				CLANG_WARN_DOCUMENTATION_COMMENTS = YES;
				CLANG_WARN_EMPTY_BODY = YES;
				CLANG_WARN_ENUM_CONVERSION = YES;
				CLANG_WARN_INFINITE_RECURSION = YES;
				CLANG_WARN_INT_CONVERSION = YES;
				CLANG_WARN_OBJC_ROOT_CLASS = YES_ERROR;
				CLANG_WARN_SUSPICIOUS_MOVE = YES;
				CLANG_WARN_UNREACHABLE_CODE = YES;
				CLANG_WARN__DUPLICATE_METHOD_MATCH = YES;
				CODE_SIGN_IDENTITY = "-";
				COPY_PHASE_STRIP = NO;
				DEBUG_INFORMATION_FORMAT = "dwarf-with-dsym";
				ENABLE_NS_ASSERTIONS = NO;
				ENABLE_STRICT_OBJC_MSGSEND = YES;
				GCC_C_LANGUAGE_STANDARD = gnu99;
				GCC_NO_COMMON_BLOCKS = YES;
				GCC_WARN_64_TO_32_BIT_CONVERSION = YES;
				GCC_WARN_ABOUT_RETURN_TYPE = YES_ERROR;
				GCC_WARN_UNDECLARED_SELECTOR = YES;
				GCC_WARN_UNINITIALIZED_AUTOS = YES_AGGRESSIVE;
				GCC_WARN_UNUSED_FUNCTION = YES;
				GCC_WARN_UNUSED_VARIABLE = YES;
				HEADER_SEARCH_PATHS = /usr/local/include;
				LIBRARY_SEARCH_PATHS = /usr/local/lib;
				MACOSX_DEPLOYMENT_TARGET = 10.12;
				MTL_ENABLE_DEBUG_INFO = NO;
				SDKROOT = macosx;
			};
			name = Release;
		};
		041A0D631ED9915A002B4B84 /* Debug */ = {
			isa = XCBuildConfiguration;
			buildSettings = {
				PRODUCT_NAME = "$(TARGET_NAME)";
			};
			name = Debug;
		};
		041A0D641ED9915A002B4B84 /* Release */ = {
			isa = XCBuildConfiguration;
			buildSettings = {
				PRODUCT_NAME = "$(TARGET_NAME)";
			};
			name = Release;
		};
/* End XCBuildConfiguration section */

/* Begin XCConfigurationList section */
		041A0D561ED9915A002B4B84 /* Build configuration list for PBXProject "refractiveObj" */ = {
			isa = XCConfigurationList;
			buildConfigurations = (
				041A0D601ED9915A002B4B84 /* Debug */,
				041A0D611ED9915A002B4B84 /* Release */,
			);
			defaultConfigurationIsVisible = 0;
			defaultConfigurationName = Release;
		};
		041A0D621ED9915A002B4B84 /* Build configuration list for PBXNativeTarget "refractiveObj" */ = {
			isa = XCConfigurationList;
			buildConfigurations = (
				041A0D631ED9915A002B4B84 /* Debug */,
				041A0D641ED9915A002B4B84 /* Release */,
			);
			defaultConfigurationIsVisible = 0;
			defaultConfigurationName = Release;
		};
/* End XCConfigurationList section */
	};
	rootObject = 041A0D531ED9915A002B4B84 /* Project object */;
}
